# THIS IS AN AUTOGENERATED FILE. DO NOT EDIT THIS FILE DIRECTLY.
# yarn lockfile v1


"@emnapi/core@1.11.2":
  version "1.11.2"
  resolved "https://registry.yarnpkg.com/@emnapi/core/-/core-1.11.2.tgz#fab0a0f3c492d11f5a9ac9065d0d73955ee1c1c9"
  integrity sha512-TC8MkTuZUtcTSiFeuC0ksCh9QIJ5+F21MvZ4Wn4ORfYaFJ/0dsiudv5tVkejgwZlwQ39jL9WWDe2lz8x0WglOA==
  dependencies:
    "@emnapi/wasi-threads" "1.2.2"
    tslib "^2.4.0"

"@emnapi/core@1.9.2":
  version "1.9.2"
  resolved "https://registry.yarnpkg.com/@emnapi/core/-/core-1.9.2.tgz#3870265ecffc7352d01ead62d8d83d8358a2d034"
  integrity sha512-UC+ZhH3XtczQYfOlu3lNEkdW/p4dsJ1r/bP7H8+rhao3TTTMO1ATq/4DdIi23XuGoFY+Cz0JmCbdVl0hz9jZcA==
  dependencies:
    "@emnapi/wasi-threads" "1.2.1"
    tslib "^2.4.0"

"@emnapi/runtime@1.11.2":
  version "1.11.2"
  resolved "https://registry.yarnpkg.com/@emnapi/runtime/-/runtime-1.11.2.tgz#eb22f04d76febfdf4f87fdaff54c8a53f6bf0dbd"
  integrity sha512-kyOl3X0DuTiT1h2ft8r2fYO8JYtU9a9Xis/zBSiGArNaagCOWx90N1k2wxp18czFDH+OgcWGb5ZP/XMt3dcyPA==
  dependencies:
    tslib "^2.4.0"

"@emnapi/runtime@1.9.2":
  version "1.9.2"
  resolved "https://registry.yarnpkg.com/@emnapi/runtime/-/runtime-1.9.2.tgz#8b469a3db160817cadb1de9050211a9d1ea84fa2"
  integrity sha512-3U4+MIWHImeyu1wnmVygh5WlgfYDtyf0k8AbLhMFxOipihf6nrWC4syIm/SwEeec0mNSafiiNnMJwbza/Is6Lw==
  dependencies:
    tslib "^2.4.0"

"@emnapi/wasi-threads@1.2.1":
  version "1.2.1"
  resolved "https://registry.yarnpkg.com/@emnapi/wasi-threads/-/wasi-threads-1.2.1.tgz#28fed21a1ba1ce797c44a070abc94d42f3ae8548"
  integrity sha512-uTII7OYF+/Mes/MrcIOYp5yOtSMLBWSIoLPpcgwipoiKbli6k322tcoFsxoIIxPDqW01SQGAgko4EzZi2BNv2w==
  dependencies:
    tslib "^2.4.0"

"@emnapi/wasi-threads@1.2.2":
  version "1.2.2"
  resolved "https://registry.yarnpkg.com/@emnapi/wasi-threads/-/wasi-threads-1.2.2.tgz#4c93becf5bfa3b13d1bbdcc06aee38321ad8139a"
  integrity sha512-c95qOXkHdydNKhscBTebqEC1CVAZpyqOfVfBzQ1qgzyl3gfeldUjIggDbIZgDKsHLgnsM+igH7TJ/eAasaVuMA==
  dependencies:
    tslib "^2.4.0"

"@inquirer/ansi@^2.0.8":
  version "2.0.8"
  resolved "https://registry.yarnpkg.com/@inquirer/ansi/-/ansi-2.0.8.tgz#0308f3ed790dfa960f0f1f60045fa67e804de38e"
  integrity sha512-WpQM+Ti6Z40EFwwt+uL2p4UabT+W179zHp6HhLVOzfbwnVn05IPO/eXIZXGNqcT1jbQ15SujNLzQ39k4QPPxBQ==

"@inquirer/checkbox@^5.2.5":
  version "5.2.5"
  resolved "https://registry.yarnpkg.com/@inquirer/checkbox/-/checkbox-5.2.5.tgz#336f455e5bd8167a7f3a40eeec5ff50cc9e63f27"
  integrity sha512-bRt8J8m+Fot9CXv+zNQGXUq2ET0MggR1fPz7v6edN6MFYmsbfGnMmkmWZJEegMKqrAC8ej/o1sqisHZXZJMAfQ==
  dependencies:
    "@inquirer/ansi" "^2.0.8"
    "@inquirer/core" "^12.0.3"
    "@inquirer/figures" "^2.0.9"
    "@inquirer/type" "4.1.1"

"@inquirer/confirm@^6.3.2":
  version "6.3.2"
  resolved "https://registry.yarnpkg.com/@inquirer/confirm/-/confirm-6.3.2.tgz#c4691ec8e852f4619496606376a2061490b99e26"
  integrity sha512-Xvr/0HggjddPtGppuqVmxhTw+Hr8PvsZ/k0HmOEaAqQEt80OITNkFWnsdNmyT0/eM4Ab+iJLx2R8rctlEyfSVg==
  dependencies:
    "@inquirer/core" "^12.0.3"
    "@inquirer/type" "4.1.1"

"@inquirer/core@^12.0.3":
  version "12.0.3"
  resolved "https://registry.yarnpkg.com/@inquirer/core/-/core-12.0.3.tgz#8bbcfb31c3e04008102429d88a2d66b84257fb55"
  integrity sha512-wsSy0sznmXwkty+2PzZwx00Cazc/E0r0B7mAzdGROz2Ct+DFZXaK7WDjGZvgjRldxH5ZhFVfF2lgkYrqgOw2KA==
  dependencies:
    "@inquirer/ansi" "^2.0.8"
    "@inquirer/figures" "^2.0.9"
    "@inquirer/type" "4.1.1"
    cli-width "^4.1.0"
    fast-wrap-ansi "^0.2.0"
    mute-stream "^3.0.0"
    signal-exit "^4.1.0"

"@inquirer/editor@^5.3.3":
  version "5.3.3"
  resolved "https://registry.yarnpkg.com/@inquirer/editor/-/editor-5.3.3.tgz#e0d3b15e175cf59106ba2719c9b7adde54dcc835"
  integrity sha512-YsKkS2q63IiLtaDK/9nqzdComN97SDQrmKiyNggN+ceP4ty+Z6VwyTz3FpjeUWeW1Efss2xHFKCC9sx7hnrsxg==
  dependencies:
    "@inquirer/core" "^12.0.3"
    "@inquirer/external-editor" "^3.0.5"
    "@inquirer/type" "4.1.1"

"@inquirer/expand@^5.1.5":
  version "5.1.5"
  resolved "https://registry.yarnpkg.com/@inquirer/expand/-/expand-5.1.5.tgz#fbc6827c9500a9218df240b0516104a4b08069fd"
  integrity sha512-uHuXLmXW+TtIfT/9vSBotypAkqn1n34Ul+CLGPos/xANyO4Ff5xZzkYhbKR4NEcfVK4a9mHQOpwVZzluSHFRGw==
  dependencies:
    "@inquirer/core" "^12.0.3"
    "@inquirer/type" "4.1.1"

"@inquirer/external-editor@^3.0.5":
  version "3.0.5"
  resolved "https://registry.yarnpkg.com/@inquirer/external-editor/-/external-editor-3.0.5.tgz#e05198b6d5dc87a8993fead6d9bcf92cd4863726"
  integrity sha512-f3QQJRIX5ZEneBHNUIuPjmbdzHnmRFJA8r2dkcb8q+OM5Uv5KtnuAttQumnrjcBVBM3mcTX1CkmtAkU58VRZxg==
  dependencies:
    chardet "^2.1.1"
    iconv-lite "^0.7.2"

"@inquirer/figures@^2.0.9":
  version "2.0.9"
  resolved "https://registry.yarnpkg.com/@inquirer/figures/-/figures-2.0.9.tgz#8c04fdba3a78af0e57c0b3127cbd319ce604b1c1"
  integrity sha512-EAWgUTGQ/Umgga51dE3B2PUHbufuXarDfg86uVgoSgNHNNQnyFKcOrQLWVqYMghuSyHh8+2HUH0Js9cTC1WAdg==

"@inquirer/input@^5.1.6":
  version "5.1.6"
  resolved "https://registry.yarnpkg.com/@inquirer/input/-/input-5.1.6.tgz#3d5ce158a9e9210f83fefbffeee0099185983c0f"
  integrity sha512-HtcJhB2QFVXbLuJ5S3syhNbTUVxYvwqV4VRBDkQceBloC9bmTViUoRFP5PbSaDZb3HzfPmpuU/gG4ybVBz4FHA==
  dependencies:
    "@inquirer/core" "^12.0.3"
    "@inquirer/type" "4.1.1"

"@inquirer/number@^4.2.3":
  version "4.2.3"
  resolved "https://registry.yarnpkg.com/@inquirer/number/-/number-4.2.3.tgz#671940419283fc8e534e557d675799901e184c1b"
  integrity sha512-6Yuwh1NGSbu1Lo4N1EWjXs1jKRntLg/ZCwhmeorEHde90v1XxAozdbd4Iu30eOQLW+6h1hp2O9ujNfLSbTPJnA==
  dependencies:
    "@inquirer/core" "^12.0.3"
    "@inquirer/type" "4.1.1"

"@inquirer/password@^5.2.2":
  version "5.2.2"
  resolved "https://registry.yarnpkg.com/@inquirer/password/-/password-5.2.2.tgz#8f4cd7741bd5e7b5aa732d75d143269d0d43f523"
  integrity sha512-W9zYdyzogK+6110mqwaSJWCBu2yA5Q/OfnGSjjZB1bNpHlmUozXxTl0+QOZBNeVd6Qo81/qT75gW05gLAtITxw==
  dependencies:
    "@inquirer/ansi" "^2.0.8"
    "@inquirer/core" "^12.0.3"
    "@inquirer/type" "4.1.1"

"@inquirer/prompts@^8.5.2":
  version "8.7.2"
  resolved "https://registry.yarnpkg.com/@inquirer/prompts/-/prompts-8.7.2.tgz#fbbfd7e552e53608c740944908c1a0fc0cf3369c"
  integrity sha512-QoRB4wFIjgH5iOhSjoIKMkTvSHDuV+O3OITlIqAYO0oK5x364GJILXiMBvlPiE+klg7Xx9tq5XVqQHcGUDYYPA==
  dependencies:
    "@inquirer/checkbox" "^5.2.5"
    "@inquirer/confirm" "^6.3.2"
    "@inquirer/editor" "^5.3.3"
    "@inquirer/expand" "^5.1.5"
    "@inquirer/input" "^5.1.6"
    "@inquirer/number" "^4.2.3"
    "@inquirer/password" "^5.2.2"
    "@inquirer/rawlist" "^5.3.5"
    "@inquirer/search" "^4.3.3"
    "@inquirer/select" "^5.2.5"

"@inquirer/rawlist@^5.3.5":
  version "5.3.5"
  resolved "https://registry.yarnpkg.com/@inquirer/rawlist/-/rawlist-5.3.5.tgz#0f0e7d71fb55511cc80e2b7fe65dfed2e1e99096"
  integrity sha512-1oHky1ONfCOwNrnkQGDE1oaSij/3fI6HFMSf2H/WsGO2lEyDX9My82iggITSy9ddSZ8yk8j9v41OI0fVoSIoaA==
  dependencies:
    "@inquirer/core" "^12.0.3"
    "@inquirer/type" "4.1.1"

"@inquirer/search@^4.3.3":
  version "4.3.3"
  resolved "https://registry.yarnpkg.com/@inquirer/search/-/search-4.3.3.tgz#ab0f1157cc4cf922ac918b1926468bc982fae2f6"
  integrity sha512-fyuIU1Nbpvwlikjg3gXwJFDI11+EFjqQ7P+iByfmivIKQ1vmaykNrD/vy5unHuUqUpsOsnvJ25//tPF7E/RBRA==
  dependencies:
    "@inquirer/core" "^12.0.3"
    "@inquirer/figures" "^2.0.9"
    "@inquirer/type" "4.1.1"

"@inquirer/select@^5.2.5":
  version "5.2.5"
  resolved "https://registry.yarnpkg.com/@inquirer/select/-/select-5.2.5.tgz#4a1c888ba3a8f6dcb78712b99e36c6462a4759db"
  integrity sha512-9kc15hr8r/kI+3DO/xLog5nOzTz1jqsHXa6JBFzmQKhkoJ8Slda1I1L/uD8ZSZ9tF1yp79wwXe7mclvX1rqR2Q==
  dependencies:
    "@inquirer/ansi" "^2.0.8"
    "@inquirer/core" "^12.0.3"
    "@inquirer/figures" "^2.0.9"
    "@inquirer/type" "4.1.1"

"@inquirer/type@4.1.1":
  version "4.1.1"
  resolved "https://registry.yarnpkg.com/@inquirer/type/-/type-4.1.1.tgz#f865ee99f39e0951a0279f9c45ad1d260c0ce0dd"
  integrity sha512-yJoHYrMnxIsJZCY+0Vb66Dy3he3kL3e2wOBKhoSwWWAzZAY82emlxwgprCtp6yRixvNRNq9ztfRWQYPNr3Go7A==

"@napi-rs/cli@^3":
  version "3.9.0"
  resolved "https://registry.yarnpkg.com/@napi-rs/cli/-/cli-3.9.0.tgz#ea3850dcd9cff3562066e09a74b3c6a10af7086d"
  integrity sha512-ZlerYOCLgVdaqbVDt8+uQxmU9j8bKMVFcYo6zRHJJHTO9jN5060+y953aIVc/0zkVSKq+fHjDAtTGOrbxpeZCw==
  dependencies:
    "@inquirer/prompts" "^8.5.2"
    "@napi-rs/cross-toolchain" "^1.0.3"
    "@napi-rs/wasm-tools" "^1.1.0"
    "@octokit/rest" "^22.0.1"
    clipanion "^4.0.0-rc.4"
    colorette "^2.0.20"
    es-toolkit "^1.47.0"
    js-yaml "^4.2.0"
    obug "^2.1.2"
    semver "^7.8.2"
    typanion "^3.14.0"
    typescript "^6.0.3"

"@napi-rs/cross-toolchain@^1.0.3":
  version "1.0.3"
  resolved "https://registry.yarnpkg.com/@napi-rs/cross-toolchain/-/cross-toolchain-1.0.3.tgz#8e345d0c9a8aeeaf9287e7af1d4ce83476681373"
  integrity sha512-ENPfLe4937bsKVTDA6zdABx4pq9w0tHqRrJHyaGxgaPq03a2Bd1unD5XSKjXJjebsABJ+MjAv1A2OvCgK9yehg==
  dependencies:
    "@napi-rs/lzma" "^1.4.5"
    "@napi-rs/tar" "^1.1.0"
    debug "^4.4.1"

"@napi-rs/lzma-android-arm-eabi@1.5.1":
  version "1.5.1"
  resolved "https://registry.yarnpkg.com/@napi-rs/lzma-android-arm-eabi/-/lzma-android-arm-eabi-1.5.1.tgz#5f3587db48dbdf4282cdb77f14e2576c75a1a5ef"
  integrity sha512-sahBe4ko2Z69NPTddaX6ZgbQZu9SDoITxw1S3dWl1gAGynZG34qHHCT8UaUMFxf3h3zMhCJjEzz4basaBxiTuQ==

"@napi-rs/lzma-android-arm64@1.5.1":
  version "1.5.1"
  resolved "https://registry.yarnpkg.com/@napi-rs/lzma-android-arm64/-/lzma-android-arm64-1.5.1.tgz#50ff89cbd0d389264091f21cc2a887e32ecebe49"
  integrity sha512-7tkQAJJuBHxAxiEBNFgSTpvrtGpbwZYYJUSOmGEK3OfbdbNeoT2rdBxpM/gY1s+itEVbtOSlpaRPPG19MnwOzA==

"@napi-rs/lzma-darwin-arm64@1.5.1":
  version "1.5.1"
  resolved "https://registry.yarnpkg.com/@napi-rs/lzma-darwin-arm64/-/lzma-darwin-arm64-1.5.1.tgz#abf56eb52f79788884926defa830d4bf0c7368a4"
  integrity sha512-XWX8gtF+GHGk3nH3Wm3QUZNcxw9QHsFVZz3MzVLhWWHhceede1J4/vD+3dj3E1iKB9G6mualaZxOoD08R3E+7g==

"@napi-rs/lzma-darwin-x64@1.5.1":
  version "1.5.1"
  resolved "https://registry.yarnpkg.com/@napi-rs/lzma-darwin-x64/-/lzma-darwin-x64-1.5.1.tgz#bf42f8bdcb9c9ffc840e017e9ef3bbc957b49a6e"
  integrity sha512-CfsqUpMTI1z8enrA/b+GcHM6YDI8D0kqCiqPYEnst4rbOABQ9KZ92ybTTNnlnZ7A017WoMZKUEWc36KXDwi0xg==

"@napi-rs/lzma-freebsd-x64@1.5.1":
  version "1.5.1"
  resolved "https://registry.yarnpkg.com/@napi-rs/lzma-freebsd-x64/-/lzma-freebsd-x64-1.5.1.tgz#77deaed3cd03214005a59874c56ac65c2584e9ec"
  integrity sha512-bTyNfg90FXIgE61U7l14aMmVOqRQ6AyP5JMT3jmCStaZI18apLNPdzZ8i7yqxZfKvRMVfPjE2brXIw27c+RRgA==

"@napi-rs/lzma-linux-arm-gnueabihf@1.5.1":
  version "1.5.1"
  resolved "https://registry.yarnpkg.com/@napi-rs/lzma-linux-arm-gnueabihf/-/lzma-linux-arm-gnueabihf-1.5.1.tgz#bdbfb2c9352e2f4d297ecb034ed92e6a538e8c3e"
  integrity sha512-vNE+D8nrw+eOkBsdKCsmDhowDV3pIMKXEhedvXfbgrWbrO7GlZJH+RXL+X+RYLxGwi8Ym61ZMt15sIOnNmh9Sw==

"@napi-rs/lzma-linux-arm64-gnu@1.5.1":
  version "1.5.1"
  resolved "https://registry.yarnpkg.com/@napi-rs/lzma-linux-arm64-gnu/-/lzma-linux-arm64-gnu-1.5.1.tgz#7382da151ace5308a80487566e5672c935b8f5df"
  integrity sha512-csUem4WgoKGTprv/pOPm9UIWbb+hrfUwYXefpTHPAEGVFLl5behEFabisJ7FtihCa3yG2Efcl+yw25rlhhrIYw==

"@napi-rs/lzma-linux-arm64-musl@1.5.1":
  version "1.5.1"
  resolved "https://registry.yarnpkg.com/@napi-rs/lzma-linux-arm64-musl/-/lzma-linux-arm64-musl-1.5.1.tgz#26e2496ef6b169412cf62ccc11fef3277ecff467"
  integrity sha512-kB/xhlVN1eLvVmDJSKZEjp5Gg2xDYexNrB5jwpSMbOkeGS6N9AasByPBg5VqCpMYC+zZi7DM458DRhtWYhqXTQ==

"@napi-rs/lzma-linux-ppc64-gnu@1.5.1":
  version "1.5.1"
  resolved "https://registry.yarnpkg.com/@napi-rs/lzma-linux-ppc64-gnu/-/lzma-linux-ppc64-gnu-1.5.1.tgz#673f802da03fa049968ef68cf055338caef8515c"
  integrity sha512-s28RW0W1yBWQc1nbPdF7tp14koqslY3ZWLVI8uaanX292Dc6ezd4NPVwxEoCNBVON/oD7BmUbWGtyFvmm7dQ5A==

"@napi-rs/lzma-linux-riscv64-gnu@1.5.1":
  version "1.5.1"
  resolved "https://registry.yarnpkg.com/@napi-rs/lzma-linux-riscv64-gnu/-/lzma-linux-riscv64-gnu-1.5.1.tgz#61ea53821aaaf90539ead592d1e45d5c1b6ee19c"
  integrity sha512-+lGNwYlIN14YPMTNvYtIJJqHFevDTd6Juw/1NmXbWx/iRd/LLrjhlM/yluMX6pxs6NkOGsuuEXJJrbbEUS59OQ==

"@napi-rs/lzma-linux-s390x-gnu@1.5.1":
  version "1.5.1"
  resolved "https://registry.yarnpkg.com/@napi-rs/lzma-linux-s390x-gnu/-/lzma-linux-s390x-gnu-1.5.1.tgz#6adf3af1313b59240a2907b60e6394047c54c9b3"
  integrity sha512-PB44FFWWFrLeQowhcep1hPD1YcLqKlnnY60RMU74qrxTlr4YGEyzeMItJqh2uivBfv9kQScOF/B0J9+Vab/oyw==

"@napi-rs/lzma-linux-x64-gnu@1.5.1":
  version "1.5.1"
  resolved "https://registry.yarnpkg.com/@napi-rs/lzma-linux-x64-gnu/-/lzma-linux-x64-gnu-1.5.1.tgz#e57d4306966078662038094fb38eb9146dc3aea9"
  integrity sha512-oTXEIha4SsuXdTA4Iyskj0kpdx2yVXdhd75c2v3xGrHFfVMsbhTPZU/nMPL4sWKo4pBHm3aucLaqGlF696dTyQ==

"@napi-rs/lzma-linux-x64-musl@1.5.1":
  version "1.5.1"
  resolved "https://registry.yarnpkg.com/@napi-rs/lzma-linux-x64-musl/-/lzma-linux-x64-musl-1.5.1.tgz#19aefcc2c715f442266f06ac3b334b92ae987c1d"
  integrity sha512-I3nsYrWtrW9JpeCr+mkJIVDt0HY3m6qVUBs5vTtoIvJQxwqf1PBXSy5IS7T53ksQFH2kd2UX8rLxJ7B4WISpZg==

"@napi-rs/lzma-wasm32-wasi@1.5.1":
  version "1.5.1"
  resolved "https://registry.yarnpkg.com/@napi-rs/lzma-wasm32-wasi/-/lzma-wasm32-wasi-1.5.1.tgz#a559c5364aa9c2ca3aca457d9b5ea21f50fc1b62"
  integrity sha512-gy3wwPBa6+XEyA4fUzq6CClrXA1ajXjuVf5zbnHytJRgoHznj+mvpU3+co2fxXwqTCmIpn6KrzqH5bRDztBPhA==
  dependencies:
    "@emnapi/core" "1.11.2"
    "@emnapi/runtime" "1.11.2"
    "@napi-rs/wasm-runtime" "^1.1.6"

"@napi-rs/lzma-win32-arm64-msvc@1.5.1":
  version "1.5.1"
  resolved "https://registry.yarnpkg.com/@napi-rs/lzma-win32-arm64-msvc/-/lzma-win32-arm64-msvc-1.5.1.tgz#4e24c7b1e37009e5f781b82f1e7de29b44621fa9"
  integrity sha512-dK+huOsHiyH6oJjij+cnjqFCakk2HgWmpI12Xm4pLUyPphe4ebYoJBgehaNAxprmjFqBQ7nL95YPVz9BHyqmPg==

"@napi-rs/lzma-win32-ia32-msvc@1.5.1":
  version "1.5.1"
  resolved "https://registry.yarnpkg.com/@napi-rs/lzma-win32-ia32-msvc/-/lzma-win32-ia32-msvc-1.5.1.tgz#3e112893c59917fac22449b977f6ba628af61559"
  integrity sha512-dGE8L+0EQ+GyU9ap9InqB/t/PmPG/bLj918q7OsJ29FuTdn8fK4OX3U4IQZhylHIA+/dQ/SXJk5n4yfah2XVvA==

"@napi-rs/lzma-win32-x64-msvc@1.5.1":
  version "1.5.1"
  resolved "https://registry.yarnpkg.com/@napi-rs/lzma-win32-x64-msvc/-/lzma-win32-x64-msvc-1.5.1.tgz#6bef03b521fc17761a92adcc83e1bc40686b0211"
  integrity sha512-EKW4t/iqdCT/xnd5t9oXLvVER/PMNAWXKqUAl3fgvUcOILeZIIht77/dVnfFcc9htA/DCBXC/6YQWdW+LusjFA==

"@napi-rs/lzma@^1.4.5":
  version "1.5.1"
  resolved "https://registry.yarnpkg.com/@napi-rs/lzma/-/lzma-1.5.1.tgz#5d7fb1424e3ca4c420434cbb71aa12e938bdeac6"
  integrity sha512-sgOZ89+y8cDbY+3WbzR8CtIhCuFRWotZ9/2PjPVDJHz6np5KFTAev0DrwiyTJTgFsCRDhfGlbmhMgyhHbWdZ6g==
  optionalDependencies:
    "@napi-rs/lzma-android-arm-eabi" "1.5.1"
    "@napi-rs/lzma-android-arm64" "1.5.1"
    "@napi-rs/lzma-darwin-arm64" "1.5.1"
    "@napi-rs/lzma-darwin-x64" "1.5.1"
    "@napi-rs/lzma-freebsd-x64" "1.5.1"
    "@napi-rs/lzma-linux-arm-gnueabihf" "1.5.1"
    "@napi-rs/lzma-linux-arm64-gnu" "1.5.1"
    "@napi-rs/lzma-linux-arm64-musl" "1.5.1"
    "@napi-rs/lzma-linux-ppc64-gnu" "1.5.1"
    "@napi-rs/lzma-linux-riscv64-gnu" "1.5.1"
    "@napi-rs/lzma-linux-s390x-gnu" "1.5.1"
    "@napi-rs/lzma-linux-x64-gnu" "1.5.1"
    "@napi-rs/lzma-linux-x64-musl" "1.5.1"
    "@napi-rs/lzma-wasm32-wasi" "1.5.1"
    "@napi-rs/lzma-win32-arm64-msvc" "1.5.1"
    "@napi-rs/lzma-win32-ia32-msvc" "1.5.1"
    "@napi-rs/lzma-win32-x64-msvc" "1.5.1"

"@napi-rs/tar-android-arm-eabi@1.1.1":
  version "1.1.1"
  resolved "https://registry.yarnpkg.com/@napi-rs/tar-android-arm-eabi/-/tar-android-arm-eabi-1.1.1.tgz#51ae4030f729b8239e6a52d5871dffae0b20d10a"
  integrity sha512-cAhnA10cSusAUbcE9HtjQY/tZ9BH/0w2sKtRcQc94TzIlnm7QSr1htJSd/PPrbWNPtrv1orXb2CkrHlVlbnlHA==

"@napi-rs/tar-android-arm64@1.1.1":
  version "1.1.1"
  resolved "https://registry.yarnpkg.com/@napi-rs/tar-android-arm64/-/tar-android-arm64-1.1.1.tgz#c886587a9dc21f89afee64f29979ece6bbc0b8a7"
  integrity sha512-EslUWHCDBY/g5abTPBiHLsMaML4GagV0TXLm5WL9hAjx/DDtlxz9fegMb77RJ+f7nFLOIsUxF/3QWFvgOT0sMQ==

"@napi-rs/tar-darwin-arm64@1.1.1":
  version "1.1.1"
  resolved "https://registry.yarnpkg.com/@napi-rs/tar-darwin-arm64/-/tar-darwin-arm64-1.1.1.tgz#6b25d96a88b55be11999627b2c653578c9eb491b"
  integrity sha512-+A42/6ES5G9CQ35BOwzwA+WBjLID28r2jNPgc0dteD2hhClIhng0mva7D2ujUlXBNmgNOsr1LHn3stA4uTf4NQ==

"@napi-rs/tar-darwin-x64@1.1.1":
  version "1.1.1"
  resolved "https://registry.yarnpkg.com/@napi-rs/tar-darwin-x64/-/tar-darwin-x64-1.1.1.tgz#44dc71882395953fe7442e095ce04eb146b2743c"
  integrity sha512-RYtE8w1dkEvj8hSJCDV5Jw0Rz2i13fsM7u893zv5O9n/4Ad5GNsw/f4RQ7/0YGSFaenkVxqPFrjmEvUHlKzsrg==

"@napi-rs/tar-freebsd-x64@1.1.1":
  version "1.1.1"
  resolved "https://registry.yarnpkg.com/@napi-rs/tar-freebsd-x64/-/tar-freebsd-x64-1.1.1.tgz#7a8a1417634062749c952686e3204802b5f38974"
  integrity sha512-rEepBvCJUwcuvUYkY83e8aot8RsR5Jcnal4PsG3tbWGKW1yAvcXhyMXf0fN6ZGpVRZFnB+FJqDyBxvsCPEXKhw==

"@napi-rs/tar-linux-arm-gnueabihf@1.1.1":
  version "1.1.1"
  resolved "https://registry.yarnpkg.com/@napi-rs/tar-linux-arm-gnueabihf/-/tar-linux-arm-gnueabihf-1.1.1.tgz#1be556f608dd4f35c88117c486364bb0c59b1d05"
  integrity sha512-an1bJdfyhI5FpZYyTQ20mrqwR+a676i8GkaYc4Uy12dH/a7TJIfrK6Qa2Gm46arZvxUvx56qxoRKXbpOjUPvwA==

"@napi-rs/tar-linux-arm64-gnu@1.1.1":
  version "1.1.1"
  resolved "https://registry.yarnpkg.com/@napi-rs/tar-linux-arm64-gnu/-/tar-linux-arm64-gnu-1.1.1.tgz#b6d0b3aa577a727bdeeef3be9a3230d86591fc41"
  integrity sha512-w++Vtx36T2yHTKws7GVnmHHcUT1ybB59xLWSh9A8bwEpJVG4dG7Qub9mFe5cpcbfrJ+XP2mKKxC3oUJSunK3iQ==

"@napi-rs/tar-linux-arm64-musl@1.1.1":
  version "1.1.1"
  resolved "https://registry.yarnpkg.com/@napi-rs/tar-linux-arm64-musl/-/tar-linux-arm64-musl-1.1.1.tgz#263003240b1c69313436c939c40c78183ce90af0"
  integrity sha512-Rh6UFhNtj3i4deJHOBINFIeRL0072mgbeyuK5rl1HokKnNoMKx8qKIZNEzBTTqpogMfDHWGvzyTQdnVxes5dpA==

"@napi-rs/tar-linux-ppc64-gnu@1.1.1":
  version "1.1.1"
  resolved "https://registry.yarnpkg.com/@napi-rs/tar-linux-ppc64-gnu/-/tar-linux-ppc64-gnu-1.1.1.tgz#e4802d13808090f978d7f002f0ca9b1ef5960f7b"
  integrity sha512-Cp+AxFbv9zcyAXtnzQi0OzmgDnQgy2w9D4Ubr+iwzMtVgJcztzcEoCcCrN1k2ATdEB01LX2Vb49IaocGOZhC9Q==

"@napi-rs/tar-linux-s390x-gnu@1.1.1":
  version "1.1.1"
  resolved "https://registry.yarnpkg.com/@napi-rs/tar-linux-s390x-gnu/-/tar-linux-s390x-gnu-1.1.1.tgz#a1800ae74533fc976746e7a96452997e05bf0b7f"
  integrity sha512-ZyscC3SYKTBWyDRYjLOKAd5TyJ7q0KACRdQ8bWrb3rgrra1CCIJD66CsGTH6Dh0AVSdfLwZ8MfIIXU6+14BMjQ==

"@napi-rs/tar-linux-x64-gnu@1.1.1":
  version "1.1.1"
  resolved "https://registry.yarnpkg.com/@napi-rs/tar-linux-x64-gnu/-/tar-linux-x64-gnu-1.1.1.tgz#eafa8b6aea981c99ef035bfb8c8ce460d21a0b2e"
  integrity sha512-LlIv+zg4fiOQge9LQX/ieBdRWE2fhVDjCTHxnunZkbugNmdhdelxWf1RpZb/6ZujWpNF4LPu4N/MW7ygg2oYAQ==

"@napi-rs/tar-linux-x64-musl@1.1.1":
  version "1.1.1"
  resolved "https://registry.yarnpkg.com/@napi-rs/tar-linux-x64-musl/-/tar-linux-x64-musl-1.1.1.tgz#0c3b124e3dda51e1218541b79ed4fac47ce75f12"
  integrity sha512-gZBeoKLjanOVj55qk4EMu13P2i9M0SuINmlGQkOxm1niIJofexzddHUYtqO5o/5QqtyL8lADmAcZplLILMLhHA==

"@napi-rs/tar-wasm32-wasi@1.1.1":
  version "1.1.1"
  resolved "https://registry.yarnpkg.com/@napi-rs/tar-wasm32-wasi/-/tar-wasm32-wasi-1.1.1.tgz#a633958dcdf37dcdbdba81533ffd59bfd8b32924"
  integrity sha512-rwtQ1Mdt/ft6g6I54fJzbUeLspl4yTwj6I3UJ6mitKnrN42soJkcDrdh3Y/FGvlpqZTad2YMQ96fGJl3EtAm2Q==
  dependencies:
    "@emnapi/core" "1.11.2"
    "@emnapi/runtime" "1.11.2"
    "@napi-rs/wasm-runtime" "^1.1.6"

"@napi-rs/tar-win32-arm64-msvc@1.1.1":
  version "1.1.1"
  resolved "https://registry.yarnpkg.com/@napi-rs/tar-win32-arm64-msvc/-/tar-win32-arm64-msvc-1.1.1.tgz#66e0c8056dc450de96a8469ea043b86399d950c2"
  integrity sha512-30PVp1AehRpfwxmv5wI4cg0yj3WmWBsZ+1QnLGnvEELu7Eu/+dhNU0nrmhI7VfPgLwSRK2eg9DQTB3tP7Wv9bA==

"@napi-rs/tar-win32-ia32-msvc@1.1.1":
  version "1.1.1"
  resolved "https://registry.yarnpkg.com/@napi-rs/tar-win32-ia32-msvc/-/tar-win32-ia32-msvc-1.1.1.tgz#1ef7b8827bbdc8a61a91bd410a8d2d6ae1923d4c"
  integrity sha512-aI3/rmz+izUChiSeaPxcasAOxhf3FpJNuIHMXlxS/vpW+HIxUsSDR5+XV61PEG5DL4L/75iENVUxmSGM5l2yaw==

"@napi-rs/tar-win32-x64-msvc@1.1.1":
  version "1.1.1"
  resolved "https://registry.yarnpkg.com/@napi-rs/tar-win32-x64-msvc/-/tar-win32-x64-msvc-1.1.1.tgz#c2dd512387170d8251ed7306d6766106c855e0b2"
  integrity sha512-yJsB2IsrODQVLKbm2Fg1nHiVRbEj49mSPbj4x7JPZWJI0jGVPjohE2Sif0FBbx8OxsVoUODvS0BwksZZ8jl/OA==

"@napi-rs/tar@^1.1.0":
  version "1.1.1"
  resolved "https://registry.yarnpkg.com/@napi-rs/tar/-/tar-1.1.1.tgz#81f755bec44b52fdcd4373f31c12b9ba3de19bc4"
  integrity sha512-p6q2HhUc5vwH1CNwfOcrhLoxfgn8ust8Sqlfx+sA4VzAcp1cMbvbkl99tZZlDqOjCHgQNSiTfk/yWPjl/D42qA==
  optionalDependencies:
    "@napi-rs/tar-android-arm-eabi" "1.1.1"
    "@napi-rs/tar-android-arm64" "1.1.1"
    "@napi-rs/tar-darwin-arm64" "1.1.1"
    "@napi-rs/tar-darwin-x64" "1.1.1"
    "@napi-rs/tar-freebsd-x64" "1.1.1"
    "@napi-rs/tar-linux-arm-gnueabihf" "1.1.1"
    "@napi-rs/tar-linux-arm64-gnu" "1.1.1"
    "@napi-rs/tar-linux-arm64-musl" "1.1.1"
    "@napi-rs/tar-linux-ppc64-gnu" "1.1.1"
    "@napi-rs/tar-linux-s390x-gnu" "1.1.1"
    "@napi-rs/tar-linux-x64-gnu" "1.1.1"
    "@napi-rs/tar-linux-x64-musl" "1.1.1"
    "@napi-rs/tar-wasm32-wasi" "1.1.1"
    "@napi-rs/tar-win32-arm64-msvc" "1.1.1"
    "@napi-rs/tar-win32-ia32-msvc" "1.1.1"
    "@napi-rs/tar-win32-x64-msvc" "1.1.1"

"@napi-rs/wasm-runtime@^1.1.6":
  version "1.2.3"
  resolved "https://registry.yarnpkg.com/@napi-rs/wasm-runtime/-/wasm-runtime-1.2.3.tgz#97e3d45d7424dc5da1d4e32f3bf3b292f6c1b44c"
  integrity sha512-UMduMbqO5s5zF2NkNacMT/yK5Y5QiKvWr2+50bzIIxFDwVJ2h49b+oyjaCGPhJxd2/gC2x39EHv/gHVuu36x2Q==
  dependencies:
    "@tybys/wasm-util" "^0.10.3"

"@napi-rs/wasm-tools-android-arm-eabi@1.1.0":
  version "1.1.0"
  resolved "https://registry.yarnpkg.com/@napi-rs/wasm-tools-android-arm-eabi/-/wasm-tools-android-arm-eabi-1.1.0.tgz#938f03c9afe926c9077aa43cbe76ac02daa030a8"
  integrity sha512-p6J8PB59I8d/XItXB/go5JH6nKW+xIbpzaL43EBTV0hi7mrS/Z4gs+MsB04ZrlqZN29BdZV8fChRyasuXLhRaA==

"@napi-rs/wasm-tools-android-arm64@1.1.0":
  version "1.1.0"
  resolved "https://registry.yarnpkg.com/@napi-rs/wasm-tools-android-arm64/-/wasm-tools-android-arm64-1.1.0.tgz#f4917121afbaa47871cb52eaf4f9e799b6661e8d"
  integrity sha512-lWoKN3suypeBSCIRPIw+++sH9V2K6nQkhtdt1opu7XY3v9JwLs6Gw063HWRqkNjphlYpkd/Qy8XcfSPGbJj7nQ==

"@napi-rs/wasm-tools-darwin-arm64@1.1.0":
  version "1.1.0"
  resolved "https://registry.yarnpkg.com/@napi-rs/wasm-tools-darwin-arm64/-/wasm-tools-darwin-arm64-1.1.0.tgz#5d6d8974286179a65c884f3b2491e258cb23b382"
  integrity sha512-jfw5vyNDUf6oe0kP8lMveFN9U7cLk1cUosS7uMIfw/xmqmopYfKQ198DAx2g/6aEF7Tm+CqER2gpMpYKui30LA==

"@napi-rs/wasm-tools-darwin-x64@1.1.0":
  version "1.1.0"
  resolved "https://registry.yarnpkg.com/@napi-rs/wasm-tools-darwin-x64/-/wasm-tools-darwin-x64-1.1.0.tgz#38138c2bdaa2ebeaadc98aa9d0dd8ecd5e4f61fb"
  integrity sha512-R+pjeudAB7BYdH1vKkOJM61Tfv5jB6uXkxmFscYd+KKpdUpWBlNG+s4hr0w4i1rMBM91VhIAETZn2pz+MDHK9A==

"@napi-rs/wasm-tools-freebsd-x64@1.1.0":
  version "1.1.0"
  resolved "https://registry.yarnpkg.com/@napi-rs/wasm-tools-freebsd-x64/-/wasm-tools-freebsd-x64-1.1.0.tgz#a09174300d9b93ef0603f71ad168aed46109138f"
  integrity sha512-hQJTe+aazrT++Vgm6I4lUd9099ItUCFYdd+aKg6Ys6nax6d/cZ1barDLTwA2lwOoVDsXMekJI/FOL6ZvVlIYBg==

"@napi-rs/wasm-tools-linux-arm64-gnu@1.1.0":
  version "1.1.0"
  resolved "https://registry.yarnpkg.com/@napi-rs/wasm-tools-linux-arm64-gnu/-/wasm-tools-linux-arm64-gnu-1.1.0.tgz#4b2089138c14fdcd04bf6368656101d1d63d6b1c"
  integrity sha512-1TAXJxUHsWGar90k3W/MknavvBMwOWzjh7Q6Spxo8twRcWJbBD5Kow/Q2KhhDq5hxh2sKGDXn3uLc1tdtz4WUg==

"@napi-rs/wasm-tools-linux-arm64-musl@1.1.0":
  version "1.1.0"
  resolved "https://registry.yarnpkg.com/@napi-rs/wasm-tools-linux-arm64-musl/-/wasm-tools-linux-arm64-musl-1.1.0.tgz#19fe0314eabb14a849391b587c6f56d0d3e5ba7c"
  integrity sha512-7rw3nlubTjNAVRH2LwphCxHy1b/N2/TerXocQ6XRn4Q+buaY1Z7P/hbdALy1i1ex2yfOU2Xcij7ib7ZLi/lKfw==

"@napi-rs/wasm-tools-linux-x64-gnu@1.1.0":
  version "1.1.0"
  resolved "https://registry.yarnpkg.com/@napi-rs/wasm-tools-linux-x64-gnu/-/wasm-tools-linux-x64-gnu-1.1.0.tgz#b4af0d3bd4d3d2478e426dd9d7c434312340a4ac"
  integrity sha512-1sel0t9MRjI/tdT89M8Dd6gPfANeeFP24Xa46R11WeHNwhjsXXZh+xUk50uWCRTSGcaCy3ugm3AMK/lmHYQJkg==

"@napi-rs/wasm-tools-linux-x64-musl@1.1.0":
  version "1.1.0"
  resolved "https://registry.yarnpkg.com/@napi-rs/wasm-tools-linux-x64-musl/-/wasm-tools-linux-x64-musl-1.1.0.tgz#41413a5ea781d668952cd638a9ac83dfe987d852"
  integrity sha512-o2jH5AMfor4EKF2HII1LBnMQxoWu7+usPifTEY8Zk6e9OiSi4EJkAXf9v3ANlX7TI2V/cUEV34OEW7r10GiVIA==

"@napi-rs/wasm-tools-wasm32-wasi@1.1.0":
  version "1.1.0"
  resolved "https://registry.yarnpkg.com/@napi-rs/wasm-tools-wasm32-wasi/-/wasm-tools-wasm32-wasi-1.1.0.tgz#39560aa0d365f676f51d2d216442187e4b00232f"
  integrity sha512-s6YDtDR1UWrsqJPtaxf+JLYLceWVyn3l8OpQYElHkDhf3Qfz9R6Ba3S0OgznTBv38L5/TIHysQ9Q4yO73Z0csg==
  dependencies:
    "@emnapi/core" "1.9.2"
    "@emnapi/runtime" "1.9.2"
    "@napi-rs/wasm-runtime" "^1.1.6"

"@napi-rs/wasm-tools-win32-arm64-msvc@1.1.0":
  version "1.1.0"
  resolved "https://registry.yarnpkg.com/@napi-rs/wasm-tools-win32-arm64-msvc/-/wasm-tools-win32-arm64-msvc-1.1.0.tgz#34d5d149f933c5e7c3b15d26b688391cd09d36fb"
  integrity sha512-x+NuxbG84VxU68tU8w7Rf5lSyq0l584M6dVlke5DTweHYFZoMyeqkpbwEq+qsyAX6ivfipK8xRsmFwamb5uDnA==

"@napi-rs/wasm-tools-win32-ia32-msvc@1.1.0":
  version "1.1.0"
  resolved "https://registry.yarnpkg.com/@napi-rs/wasm-tools-win32-ia32-msvc/-/wasm-tools-win32-ia32-msvc-1.1.0.tgz#94d3ba1e26817f5d3644512bacec64c32541d8b2"
  integrity sha512-mdD96QDEp70SX67rXFTY6c725nVYeqEEjyDqzzbNh6u1APj7CI7IMNpMmvE75XbCRl4C2MHZVU4U6AWdAzvyQQ==

"@napi-rs/wasm-tools-win32-x64-msvc@1.1.0":
  version "1.1.0"
  resolved "https://registry.yarnpkg.com/@napi-rs/wasm-tools-win32-x64-msvc/-/wasm-tools-win32-x64-msvc-1.1.0.tgz#097f149edc3e77aaad98a8af814b3a5008a7e374"
  integrity sha512-bVVjuvhlyVX++3eJXfDR63cXdw1ay5QYac6iq0MKQw8wZARInTM+bXCtByDT4fzVFI3+7ZthYb/ERWRdBNIqgQ==

"@napi-rs/wasm-tools@^1.1.0":
  version "1.1.0"
  resolved "https://registry.yarnpkg.com/@napi-rs/wasm-tools/-/wasm-tools-1.1.0.tgz#0c40cab9d19bca413b96a90f872fe07f1442a09a"
  integrity sha512-VjHyKEqXAwYZK+HY7iJctYvRm3TFEbaQxeZwvAG1QRkoo1a39phMY8J6x9tUEqJI03W6MysB8F2jacI6wvcx+w==
  optionalDependencies:
    "@napi-rs/wasm-tools-android-arm-eabi" "1.1.0"
    "@napi-rs/wasm-tools-android-arm64" "1.1.0"
    "@napi-rs/wasm-tools-darwin-arm64" "1.1.0"
    "@napi-rs/wasm-tools-darwin-x64" "1.1.0"
    "@napi-rs/wasm-tools-freebsd-x64" "1.1.0"
    "@napi-rs/wasm-tools-linux-arm64-gnu" "1.1.0"
    "@napi-rs/wasm-tools-linux-arm64-musl" "1.1.0"
    "@napi-rs/wasm-tools-linux-x64-gnu" "1.1.0"
    "@napi-rs/wasm-tools-linux-x64-musl" "1.1.0"
    "@napi-rs/wasm-tools-wasm32-wasi" "1.1.0"
    "@napi-rs/wasm-tools-win32-arm64-msvc" "1.1.0"
    "@napi-rs/wasm-tools-win32-ia32-msvc" "1.1.0"
    "@napi-rs/wasm-tools-win32-x64-msvc" "1.1.0"

"@octokit/auth-token@^6.0.0":
  version "6.0.0"
  resolved "https://registry.yarnpkg.com/@octokit/auth-token/-/auth-token-6.0.0.tgz#b02e9c08a2d8937df09a2a981f226ad219174c53"
  integrity sha512-P4YJBPdPSpWTQ1NU4XYdvHvXJJDxM6YwpS0FZHRgP7YFkdVxsWcpWGy/NVqlAA7PcPCnMacXlRm1y2PFZRWL/w==

"@octokit/core@^7.0.6":
  version "7.0.8"
  resolved "https://registry.yarnpkg.com/@octokit/core/-/core-7.0.8.tgz#bc8c05bc3a0200d1f453d4fe59c9053a7446c9f3"
  integrity sha512-L7y8eYc+AwxGr2PWI4WFt1VG4TiJ66c26BD16mXpYIlXxG0SMigM1+m4aTSlYyBr5BlQsGAlz8uDCoZN4SEMcg==
  dependencies:
    "@octokit/auth-token" "^6.0.0"
    "@octokit/graphql" "^9.0.5"
    "@octokit/request" "^10.0.16"
    "@octokit/request-error" "^7.1.2"
    "@octokit/types" "^18.0.0"
    before-after-hook "^4.0.0"
    universal-user-agent "^7.0.0"

"@octokit/endpoint@^11.0.5":
  version "11.0.5"
  resolved "https://registry.yarnpkg.com/@octokit/endpoint/-/endpoint-11.0.5.tgz#d7ec88843bfeeea692fee97b52e7c2cdc0393db4"
  integrity sha512-iXa654H3yFafF/ieHkukfbgWo2rmXD2ceD0ZOtrPhw1bc3FDch1d9N/TNs0FQ1/cIbwb7kspUX8jzIs8nzb9DQ==
  dependencies:
    "@octokit/types" "^18.0.0"
    universal-user-agent "^7.0.2"

"@octokit/graphql@^9.0.5":
  version "9.0.5"
  resolved "https://registry.yarnpkg.com/@octokit/graphql/-/graphql-9.0.5.tgz#da0bc3584d79f958e5373b5ed1e98425ca5efdc0"
  integrity sha512-bt/hm03LeU6Vy7FwTrkkC9p3XGT/lBwClglMqxBSe5/q0E5CdJTXeAqEI0vlw89/LF/G6tryTIH8HirZ3prMVg==
  dependencies:
    "@octokit/request" "^10.0.16"
    "@octokit/types" "^18.0.0"
    universal-user-agent "^7.0.0"

"@octokit/openapi-types@^27.0.0":
  version "27.0.0"
  resolved "https://registry.yarnpkg.com/@octokit/openapi-types/-/openapi-types-27.0.0.tgz#374ea53781965fd02a9d36cacb97e152cefff12d"
  integrity sha512-whrdktVs1h6gtR+09+QsNk2+FO+49j6ga1c55YZudfEG+oKJVvJLQi3zkOm5JjiUXAagWK2tI2kTGKJ2Ys7MGA==

"@octokit/openapi-types@^29.0.1":
  version "29.0.1"
  resolved "https://registry.yarnpkg.com/@octokit/openapi-types/-/openapi-types-29.0.1.tgz#05895cc8ae328058e7af75b608c4c97f0bc1bc00"
  integrity sha512-9qWOMFNxxLokERcms42rU0PTLqQmVs7g5E41TI4mCOxmpFayD1rfC7XxOL55cG9MBZLFlC31BrR37myMKardwg==

"@octokit/plugin-paginate-rest@^14.0.0":
  version "14.0.0"
  resolved "https://registry.yarnpkg.com/@octokit/plugin-paginate-rest/-/plugin-paginate-rest-14.0.0.tgz#44dc9fff2dacb148d4c5c788b573ddc044503026"
  integrity sha512-fNVRE7ufJiAA3XUrha2omTA39M6IXIc6GIZLvlbsm8QOQCYvpq/LkMNGyFlB1d8hTDzsAXa3OKtybdMAYsV/fw==
  dependencies:
    "@octokit/types" "^16.0.0"

"@octokit/plugin-request-log@^6.0.0":
  version "6.0.0"
  resolved "https://registry.yarnpkg.com/@octokit/plugin-request-log/-/plugin-request-log-6.0.0.tgz#de1c1e557df6c08adb631bf78264fa741e01b317"
  integrity sha512-UkOzeEN3W91/eBq9sPZNQ7sUBvYCqYbrrD8gTbBuGtHEuycE4/awMXcYvx6sVYo7LypPhmQwwpUe4Yyu4QZN5Q==

"@octokit/plugin-rest-endpoint-methods@^17.0.0":
  version "17.0.0"
  resolved "https://registry.yarnpkg.com/@octokit/plugin-rest-endpoint-methods/-/plugin-rest-endpoint-methods-17.0.0.tgz#8c54397d3a4060356a1c8a974191ebf945924105"
  integrity sha512-B5yCyIlOJFPqUUeiD0cnBJwWJO8lkJs5d8+ze9QDP6SvfiXSz1BF+91+0MeI1d2yxgOhU/O+CvtiZ9jSkHhFAw==
  dependencies:
    "@octokit/types" "^16.0.0"

"@octokit/request-error@^7.1.2":
  version "7.1.2"
  resolved "https://registry.yarnpkg.com/@octokit/request-error/-/request-error-7.1.2.tgz#0477f3ec1034869205f8bd80560f2bc55b659973"
  integrity sha512-XZRuT3xZ84D3gYErI1DZvhJ33dCWVV6uzBtWkaBB4TvA/L6eOeTZodxLFVB44bBEEo3vEx7y00UfX1tBLrtLRg==
  dependencies:
    "@octokit/types" "^18.0.0"

"@octokit/request@^10.0.16":
  version "10.0.16"
  resolved "https://registry.yarnpkg.com/@octokit/request/-/request-10.0.16.tgz#b548f8f848ffe4ccf5082142fac096fe7b8222b2"
  integrity sha512-A0zWGjHzISIb+9ccG8s0dq7LKO5zVpJLRICjgUb+sJxEWqn8RUHB1rD3AE51+PECvXHIxqZ1VVvs4fHTSD9nUQ==
  dependencies:
    "@octokit/endpoint" "^11.0.5"
    "@octokit/request-error" "^7.1.2"
    "@octokit/types" "^18.0.0"
    content-type "^3.0.0"
    json-with-bigint "^3.5.12"
    universal-user-agent "^7.0.2"

"@octokit/rest@^22.0.1":
  version "22.0.1"
  resolved "https://registry.yarnpkg.com/@octokit/rest/-/rest-22.0.1.tgz#4d866c32b76b711d3f736f91992e2b534163b416"
  integrity sha512-Jzbhzl3CEexhnivb1iQ0KJ7s5vvjMWcmRtq5aUsKmKDrRW6z3r84ngmiFKFvpZjpiU/9/S6ITPFRpn5s/3uQJw==
  dependencies:
    "@octokit/core" "^7.0.6"
    "@octokit/plugin-paginate-rest" "^14.0.0"
    "@octokit/plugin-request-log" "^6.0.0"
    "@octokit/plugin-rest-endpoint-methods" "^17.0.0"

"@octokit/types@^16.0.0":
  version "16.0.0"
  resolved "https://registry.yarnpkg.com/@octokit/types/-/types-16.0.0.tgz#fbd7fa590c2ef22af881b1d79758bfaa234dbb7c"
  integrity sha512-sKq+9r1Mm4efXW1FCk7hFSeJo4QKreL/tTbR0rz/qx/r1Oa2VV83LTA/H/MuCOX7uCIJmQVRKBcbmWoySjAnSg==
  dependencies:
    "@octokit/openapi-types" "^27.0.0"

"@octokit/types@^18.0.0":
  version "18.0.0"
  resolved "https://registry.yarnpkg.com/@octokit/types/-/types-18.0.0.tgz#763eeebafb488d8ea8a8322eafb2d9b1885d2844"
  integrity sha512-l6bAF43PNxkJp6g+W4PjoUSSkxHomXw2nOum5CTftJz1NlV3vu93NImgOYtLf6CbBUb5j+fiuzW0PPQ5JTSvZA==
  dependencies:
    "@octokit/openapi-types" "^29.0.1"

"@tybys/wasm-util@^0.10.3":
  version "0.10.3"
  resolved "https://registry.yarnpkg.com/@tybys/wasm-util/-/wasm-util-0.10.3.tgz#015cba9e9dd47ce14d03d2a8c5d547bfb169665d"
  integrity sha512-F3fo1MYrRJYL3zER0OUOmkutjr1Vp23m7OsSgp7nq4SP6OqX6C/56XFIPAl5bt3zaBRjmW7SGz3u/6LwFpYcOg==
  dependencies:
    tslib "^2.4.0"

"@types/node@^22.0.0":
  version "22.20.1"
  resolved "https://registry.yarnpkg.com/@types/node/-/node-22.20.1.tgz#84e7cdf63cdaa20c134aa317ccc901aa21e16f0e"
  integrity sha512-EANqOCF9QFyra+4pfxUcX9STKJpCLjMbObVzljIJomAWSnuSIEAvyzEU53GaajbXJEgdh0iEcPL+DGvpUd4k1Q==
  dependencies:
    undici-types "~6.21.0"

argparse@^2.0.1:
  version "2.0.1"
  resolved "https://registry.yarnpkg.com/argparse/-/argparse-2.0.1.tgz#246f50f3ca78a3240f6c997e8a9bd1eac49e4b38"
  integrity sha512-8+9WqebbFzpX9OR+Wa6O29asIogeRMzcGtAINdpMHHyAg10f05aSFVBbcEqGf/PXw1EjAZ+q2/bEBg3DvurK3Q==

before-after-hook@^4.0.0:
  version "4.0.0"
  resolved "https://registry.yarnpkg.com/before-after-hook/-/before-after-hook-4.0.0.tgz#cf1447ab9160df6a40f3621da64d6ffc36050cb9"
  integrity sha512-q6tR3RPqIB1pMiTRMFcZwuG5T8vwp+vUvEG0vuI6B+Rikh5BfPp2fQ82c925FOs+b0lcFQ8CFrL+KbilfZFhOQ==

chardet@^2.1.1:
  version "2.2.0"
  resolved "https://registry.yarnpkg.com/chardet/-/chardet-2.2.0.tgz#005d664f2cbd4961888d2e2c32c5a69e59d8eec4"
  integrity sha512-rddelWYNPRrXq6PtNEN2S3f6t9ILzvqaN5pVgi4kqt9jHQaXIial9PznB5iSPVlQSLNaaH22ItWz3EJtQ10+OA==

cli-width@^4.1.0:
  version "4.1.0"
  resolved "https://registry.yarnpkg.com/cli-width/-/cli-width-4.1.0.tgz#42daac41d3c254ef38ad8ac037672130173691c5"
  integrity sha512-ouuZd4/dm2Sw5Gmqy6bGyNNNe1qt9RpmxveLSO7KcgsTnU7RXfsw+/bukWGo1abgBiMAic068rclZsO4IWmmxQ==

clipanion@^4.0.0-rc.4:
  version "4.0.0-rc.4"
  resolved "https://registry.yarnpkg.com/clipanion/-/clipanion-4.0.0-rc.4.tgz#7191a940e47ef197e5f18c9cbbe419278b5f5903"
  integrity sha512-CXkMQxU6s9GklO/1f714dkKBMu1lopS1WFF0B8o4AxPykR1hpozxSiUZ5ZUeBjfPgCWqbcNOtZVFhB8Lkfp1+Q==
  dependencies:
    typanion "^3.8.0"

colorette@^2.0.20:
  version "2.0.20"
  resolved "https://registry.yarnpkg.com/colorette/-/colorette-2.0.20.tgz#9eb793e6833067f7235902fcd3b09917a000a95a"
  integrity sha512-IfEDxwoWIjkeXL1eXcDiow4UbKjhLdq6/EuSVR9GMN7KVH3r9gQ83e73hsz1Nd1T3ijd5xv1wcWRYO+D6kCI2w==

content-type@^3.0.0:
  version "3.0.0"
  resolved "https://registry.yarnpkg.com/content-type/-/content-type-3.0.0.tgz#c946981e09aba276f5f5b21223bd0c01fded9c15"
  integrity sha512-AIi5H6p0xk5uknXcN3/rmhP8jgp69OfSe/JuKiQAFprJ7UGw7mwj7m4XcmDzlrnJDG+cGpphAINGdU3g3g7kDw==

debug@^4.4.1:
  version "4.4.3"
  resolved "https://registry.yarnpkg.com/debug/-/debug-4.4.3.tgz#c6ae432d9bd9662582fce08709b038c58e9e3d6a"
  integrity sha512-RGwwWnwQvkVfavKVt22FGLw+xYSdzARwm0ru6DhTVA3umU5hZc28V3kO4stgYryrTlLpuvgI9GiijltAjNbcqA==
  dependencies:
    ms "^2.1.3"

es-toolkit@^1.47.0:
  version "1.52.0"
  resolved "https://registry.yarnpkg.com/es-toolkit/-/es-toolkit-1.52.0.tgz#71eaf1a8b18834ef77637eccbb885ba4c03cd6dd"
  integrity sha512-XTNEJQh1tY1ZJVcf6ayP/2n4ZPyaHlW2FWs7xvw5ddPuhUVjLD3olQVQS7kf58JbAB48iL0uL/jerTrjtV3lDA==

fast-string-truncated-width@^3.0.2:
  version "3.0.3"
  resolved "https://registry.yarnpkg.com/fast-string-truncated-width/-/fast-string-truncated-width-3.0.3.tgz#23afe0da67d752ca0727538f1e6967759728ce49"
  integrity sha512-0jjjIEL6+0jag3l2XWWizO64/aZVtpiGE3t0Zgqxv0DPuxiMjvB3M24fCyhZUO4KomJQPj3LTSUnDP3GpdwC0g==

fast-string-width@^3.0.2:
  version "3.0.2"
  resolved "https://registry.yarnpkg.com/fast-string-width/-/fast-string-width-3.0.2.tgz#16dbabb491ce5585b5ecb675b65c165d71688eeb"
  integrity sha512-gX8LrtNEI5hq8DVUfRQMbr5lpaS4nMIWV+7XEbXk2b8kiQIizgnlr12B4dA3ZEx3308ze0O4Q1R+cHts8kyUJg==
  dependencies:
    fast-string-truncated-width "^3.0.2"

fast-wrap-ansi@^0.2.0:
  version "0.2.2"
  resolved "https://registry.yarnpkg.com/fast-wrap-ansi/-/fast-wrap-ansi-0.2.2.tgz#95e952a0145bce3f59ad56e179f84c48d4072935"
  integrity sha512-7F2Fl+TjRSenLqlU3UjSH0iyqopqoZIu7eZVpEirP2g1GtWa2G/ecEmBdgz31+Mxr+ELclgg6sokpSFIQiZ02Q==
  dependencies:
    fast-string-width "^3.0.2"

iconv-lite@^0.7.2:
  version "0.7.3"
  resolved "https://registry.yarnpkg.com/iconv-lite/-/iconv-lite-0.7.3.tgz#84ee12f963e7de50bc01a13e160a078b3b0f415f"
  integrity sha512-IKXpvIzjnC9XTAUbVBcMfGS0EPaIXtW6v+zr+RRp+hqULEpo0owZax6wyRwPOJbWbzjYspQwusTsfVr0ifh4uQ==
  dependencies:
    safer-buffer ">= 2.1.2 < 3.0.0"

js-yaml@^4.2.0:
  version "4.3.2"
  resolved "https://registry.yarnpkg.com/js-yaml/-/js-yaml-4.3.2.tgz#8e44fb14a2643c59726bb15787b5f1512cb3d3fb"
  integrity sha512-SFNOvSJ+Dgf/9An904Yx+CgSlIPCkIpao4qo51lpee25TIRejdH3rhR4EZMGoNx3/TP3O+wzWuiTFl4sqbltzA==
  dependencies:
    argparse "^2.0.1"

json-with-bigint@^3.5.12:
  version "3.5.12"
  resolved "https://registry.yarnpkg.com/json-with-bigint/-/json-with-bigint-3.5.12.tgz#9f6bf722a9847ed72fa9b217b2b66181227c454c"
  integrity sha512-uwbF/wSSuOgC7qqlq27Xp5B6a2MHVug3t0idZdTqu0JnlFvgJuH7ju+KAk/J06C7GfhoYy2gnb9wz2INqcne7w==

ms@^2.1.3:
  version "2.1.3"
  resolved "https://registry.yarnpkg.com/ms/-/ms-2.1.3.tgz#574c8138ce1d2b5861f0b44579dbadd60c6615b2"
  integrity sha512-6FlzubTLZG3J2a/NVCAleEhjzq5oxgHyaCU9yYXvcLsvoVaHJq/s5xXI6/XXP6tz7R9xAOtHnSO/tXtF3WRTlA==

mute-stream@^3.0.0:
  version "3.0.0"
  resolved "https://registry.yarnpkg.com/mute-stream/-/mute-stream-3.0.0.tgz#cd8014dd2acb72e1e91bb67c74f0019e620ba2d1"
  integrity sha512-dkEJPVvun4FryqBmZ5KhDo0K9iDXAwn08tMLDinNdRBNPcYEDiWYysLcc6k3mjTMlbP9KyylvRpd4wFtwrT9rw==

obug@^2.1.2:
  version "2.1.4"
  resolved "https://registry.yarnpkg.com/obug/-/obug-2.1.4.tgz#9090d8a548a522517915d2aa6aae907197ac6cf8"
  integrity sha512-4a+OsYv9UktOJKE+l1A4OufDgdRF9PifWj+tJnHURo/P+WOxpG4GzUFL9qCalmWauao6ogiG+QvnCovwPoyAWA==

"safer-buffer@>= 2.1.2 < 3.0.0":
  version "2.1.2"
  resolved "https://registry.yarnpkg.com/safer-buffer/-/safer-buffer-2.1.2.tgz#44fa161b0187b9549dd84bb91802f9bd8385cd6a"
  integrity sha512-YZo3K82SD7Riyi0E1EQPojLz7kpepnSQI9IyPbHHg1XXXevb5dJI7tpyN2ADxGcQbHG7vcyRHk0cbwqcQriUtg==

semver@^7.8.2:
  version "7.8.5"
  resolved "https://registry.yarnpkg.com/semver/-/semver-7.8.5.tgz#39b646037dd50c14fb451e7e4cac58ed8b863f69"
  integrity sha512-Y7/KDsb8LjooZpwaqGyulO6DQlksgCncchHGk+sZIY4SBvUocMBEFH5Ur1fI4dV+Jvl0w6cjvucaIi40puRioA==

signal-exit@^4.1.0:
  version "4.1.0"
  resolved "https://registry.yarnpkg.com/signal-exit/-/signal-exit-4.1.0.tgz#952188c1cbd546070e2dd20d0f41c0ae0530cb04"
  integrity sha512-bzyZ1e88w9O1iNJbKnOlvYTrWPDl46O1bG0D3XInv+9tkPrxrN8jUUTiFlDkkmKWgn1M6CfIA13SuGqOa9Korw==

tslib@^2.4.0:
  version "2.8.1"
  resolved "https://registry.yarnpkg.com/tslib/-/tslib-2.8.1.tgz#612efe4ed235d567e8aba5f2a5fab70280ade83f"
  integrity sha512-oJFu94HQb+KVduSUQL7wnpmqnfmLsOA/nAh6b6EH0wCEoK0/mPeXU6c3wKDV83MkOuHPRHtSXKKU99IBazS/2w==

typanion@^3.14.0, typanion@^3.8.0:
  version "3.14.0"
  resolved "https://registry.yarnpkg.com/typanion/-/typanion-3.14.0.tgz#a766a91810ce8258033975733e836c43a2929b94"
  integrity sha512-ZW/lVMRabETuYCd9O9ZvMhAh8GslSqaUjxmK/JLPCh6l73CvLBiuXswj/+7LdnWOgYsQ130FqLzFz5aGT4I3Ug==

typescript@^6.0.3:
  version "6.0.3"
  resolved "https://registry.yarnpkg.com/typescript/-/typescript-6.0.3.tgz#90251dc007916e972786cb94d74d15b185577d21"
  integrity sha512-y2TvuxSZPDyQakkFRPZHKFm+KKVqIisdg9/CZwm9ftvKXLP8NRWj38/ODjNbr43SsoXqNuAisEf1GdCxqWcdBw==

undici-types@~6.21.0:
  version "6.21.0"
  resolved "https://registry.yarnpkg.com/undici-types/-/undici-types-6.21.0.tgz#691d00af3909be93a7faa13be61b3a5b50ef12cb"
  integrity sha512-iwDZqg0QAGrg9Rav5H4n0M64c3mkR59cJ6wQp+7C4nI0gsmExaedaYLNO44eT4AtBBwjbTiGPMlt2Md0T9H9JQ==

universal-user-agent@^7.0.0, universal-user-agent@^7.0.2:
  version "7.0.3"
  resolved "https://registry.yarnpkg.com/universal-user-agent/-/universal-user-agent-7.0.3.tgz#c05870a58125a2dc00431f2df815a77fe69736be"
  integrity sha512-TmnEAEAsBJVZM/AADELsK76llnwcf9vMKuPz8JflO1frO8Lchitr0fNaN9d+Ap0BjKtqWqd/J17qeDnXh8CL2A==
